<?xml version="1.0" encoding="UTF-8" standalone="yes" ?>
<CodeBlocks_project_file>
	<FileVersion major="1" minor="6" />
	<Project>
		<Option title="test_udp_linux" />
		<Option pch_mode="2" />
		<Option compiler="gcc" />
		<Build>
			<Target title="Debug">
				<Option output="bin/Debug/test_udp_linux" prefix_auto="1" extension_auto="1" />
				<Option object_output="obj/Debug/" />
				<Option type="1" />
				<Option compiler="gcc" />
				<Compiler>
					<Add option="-g" />
					<Add option="-DLINUX" />
					<Add directory="../../Shared_C_funcs" />
					<Add directory="/home/leonardo/Windows_home/WCPYS_win/ADE_wcpy2/SCDF_Host/Shared_C_funcs/ip" />
				</Compiler>
				<Linker>
					<Add option="-lpthread" />
				</Linker>
			</Target>
			<Target title="Release">
				<Option output="bin/Release/test_udp_linux" prefix_auto="1" extension_auto="1" />
				<Option object_output="obj/Release/" />
				<Option type="1" />
				<Option compiler="gcc" />
				<Compiler>
					<Add option="-O2" />
				</Compiler>
				<Linker>
					<Add option="-s" />
				</Linker>
			</Target>
		</Build>
		<Compiler>
			<Add option="-Wall" />
		</Compiler>
		<Unit filename="../../Shared_C_funcs/Sensor.h" />
		<Unit filename="../../Shared_C_funcs/ThreadUtils.cpp" />
		<Unit filename="../../Shared_C_funcs/ThreadUtils.h" />
		<Unit filename="../../Shared_C_funcs/UDPSender.cpp" />
		<Unit filename="../../Shared_C_funcs/UDPSender.h" />
		<Unit filename="../../Shared_C_funcs/UDPSendersManager.cpp" />
		<Unit filename="../../Shared_C_funcs/UDPSendersManager.h" />
		<Unit filename="../../Shared_C_funcs/ip/IpEndpointName.cpp" />
		<Unit filename="../../Shared_C_funcs/ip/posix/NetworkingUtils.cpp" />
		<Unit filename="../../Shared_C_funcs/ip/posix/UdpSocket.cpp" />
		<Unit filename="../../Shared_C_funcs/osc/MessageMappingOscPacketListener.h" />
		<Unit filename="../../Shared_C_funcs/osc/OscException.h" />
		<Unit filename="../../Shared_C_funcs/osc/OscHostEndianness.h" />
		<Unit filename="../../Shared_C_funcs/osc/OscOutboundPacketStream.cpp" />
		<Unit filename="../../Shared_C_funcs/osc/OscOutboundPacketStream.h" />
		<Unit filename="../../Shared_C_funcs/osc/OscPacketListener.h" />
		<Unit filename="../../Shared_C_funcs/osc/OscPrintReceivedElements.cpp" />
		<Unit filename="../../Shared_C_funcs/osc/OscPrintReceivedElements.h" />
		<Unit filename="../../Shared_C_funcs/osc/OscReceivedElements.cpp" />
		<Unit filename="../../Shared_C_funcs/osc/OscReceivedElements.h" />
		<Unit filename="../../Shared_C_funcs/osc/OscTypes.cpp" />
		<Unit filename="../../Shared_C_funcs/osc/OscTypes.h" />
		<Unit filename="main.cpp" />
		<Unit filename="my_defines.h" />
		<Unit filename="my_typedefs.h" />
		<Unit filename="udp_receiver.c">
			<Option compilerVar="CC" />
		</Unit>
		<Unit filename="udp_receiver.h" />
		<Extensions>
			<code_completion />
			<debugger />
		</Extensions>
	</Project>
</CodeBlocks_project_file>
