<?xml version="1.0" encoding="UTF-8" standalone="yes" ?>
<CodeBlocks_project_file>
	<FileVersion major="1" minor="6" />
	<Project>
		<Option title="interp_decimate_tb" />
		<Option pch_mode="2" />
		<Option compiler="gcc" />
		<Build>
			<Target title="Debug">
				<Option output="bin/Debug/interp_decimate_tb" prefix_auto="1" extension_auto="1" />
				<Option object_output="obj/Debug/" />
				<Option type="1" />
				<Option compiler="gcc" />
				<Compiler>
					<Add option="-g" />
					<Add directory="$(ADE_SRC_PATH)" />
					<Add directory="$(ADE_MATLAB_INCLUDE_PATH)" />
					<Add directory="$(ADE_FFTW_INCLUDE_PATH)" />
				</Compiler>
				<Linker>
					<Add option="-l:blas_LINUX.a -l:cblas_LINUX.a -lmx -lmat -leng -lrt -lgfortran -lfftw3 -lfftw3f -lfftw3_threads -lfftw3f_threads -Xlinker -rpath-link $(ADE_MEX_PATH)" />
					<Add directory="$(ADE_MEX_PATH)" />
					<Add directory="$(ADE_CBLAS_PATH)" />
					<Add directory="$(ADE_BLAS_PATH)" />
				</Linker>
			</Target>
			<Target title="Release">
				<Option output="bin/Release/interp_decimate_tb" prefix_auto="1" extension_auto="1" />
				<Option object_output="obj/Release/" />
				<Option type="1" />
				<Option compiler="gcc" />
				<Compiler>
					<Add option="-g -O2" />
					<Add directory="$(ADE_SRC_PATH)" />
					<Add directory="$(ADE_MATLAB_INCLUDE_PATH)" />
					<Add directory="$(ADE_FFTW_INCLUDE_PATH)" />
				</Compiler>
				<Linker>
					<Add option="-s -l:blas_LINUX.a -l:cblas_LINUX.a -lmx -lmat -leng -lrt -lgfortran -lfftw3 -lfftw3f -lfftw3_threads -lfftw3f_threads -Xlinker -rpath-link $(ADE_MEX_PATH)" />
					<Add library="$(ADE_CBLAS_PATH)" />
					<Add library="$(ADE_BLAS_PATH)" />
					<Add directory="$(ADE_MEX_PATH)" />
				</Linker>
			</Target>
		</Build>
		<Compiler>
			<Add option="-Wall -Wextra" />
		</Compiler>
		<Unit filename="../../../src/ADE_Error_Handler.c">
			<Option compilerVar="CC" />
		</Unit>
		<Unit filename="../../../src/ADE_Matlab.c">
			<Option compilerVar="CC" />
		</Unit>
		<Unit filename="../../../src/ADE_Utils.c">
			<Option compilerVar="CC" />
		</Unit>
		<Unit filename="../../../src/ADE_blas_level1.c">
			<Option compilerVar="CC" />
		</Unit>
		<Unit filename="../../../src/ADE_complex.c">
			<Option compilerVar="CC" />
		</Unit>
		<Unit filename="../../../src/ADE_downsampler.c">
			<Option compilerVar="CC" />
		</Unit>
		<Unit filename="../../../src/ADE_fir.c">
			<Option compilerVar="CC" />
		</Unit>
		<Unit filename="../../../src/ADE_iir.c">
			<Option compilerVar="CC" />
		</Unit>
		<Unit filename="../../../src/ADE_interpolator.c">
			<Option compilerVar="CC" />
		</Unit>
		<Unit filename="../../../src/ADE_nrutil.c">
			<Option compilerVar="CC" />
		</Unit>
		<Unit filename="../../../src/ADE_upsampler.c">
			<Option compilerVar="CC" />
		</Unit>
		<Unit filename="../../../src/headers/ADE_Error_Handler.h" />
		<Unit filename="../../../src/headers/ADE_Matlab.h" />
		<Unit filename="../../../src/headers/ADE_decimator.h" />
		<Unit filename="../../../src/headers/ADE_defines.h" />
		<Unit filename="../../../src/headers/ADE_downsampler.h" />
		<Unit filename="../../../src/headers/ADE_errors.h" />
		<Unit filename="../../../src/headers/ADE_interpolator.h" />
		<Unit filename="../../../src/headers/ADE_upsampler.h" />
		<Unit filename="main.cpp">
			<Option compilerVar="CC" />
		</Unit>
		<Extensions>
			<code_completion />
			<debugger />
		</Extensions>
	</Project>
</CodeBlocks_project_file>
