<?xml version="1.0" encoding="UTF-8" standalone="yes" ?>
<CodeBlocks_project_file>
	<FileVersion major="1" minor="6" />
	<Project>
		<Option title="blasl_l2_tb" />
		<Option pch_mode="2" />
		<Option compiler="gcc" />
		<Build>
			<Target title="Debug">
				<Option output="bin/Debug/blasl_l2_tb" prefix_auto="1" extension_auto="1" />
				<Option object_output="obj/Debug/" />
				<Option type="1" />
				<Option compiler="gcc" />
				<Compiler>
					<Add option="-g" />
					<Add directory="$(ADE_SRC_PATH)" />
					<Add directory="$(ADE_MATLAB_INCLUDE_PATH)" />
					<Add directory="$(ADE_FFTW_INCLUDE_PATH)" />
				</Compiler>
				<Linker>
					<Add library="$(ADE_CBLAS_PATH)" />
					<Add library="$(ADE_BLAS_PATH)" />
				</Linker>
			</Target>
			<Target title="Release">
				<Option output="bin/Release/blasl_l2_tb" prefix_auto="1" extension_auto="1" />
				<Option object_output="obj/Release/" />
				<Option type="1" />
				<Option compiler="gcc" />
				<Compiler>
					<Add option="-g -O2" />
					<Add directory="$(ADE_SRC_PATH)" />
					<Add directory="$(ADE_MATLAB_INCLUDE_PATH)" />
					<Add directory="$(ADE_FFTW_INCLUDE_PATH)" />
				</Compiler>
				<Linker>
					<Add option="-s -lmx -lmat -lrt -leng -lgfortran -lfftw3 -lfftw3f -lfftw3_threads -lfftw3f_threads -Xlinker -rpath-link $(ADE_MEX_PATH)" />
					<Add library="$(ADE_CBLAS_PATH)" />
					<Add library="$(ADE_BLAS_PATH)" />
					<Add directory="$(ADE_MEX_PATH)" />
				</Linker>
			</Target>
		</Build>
		<Compiler>
			<Add option="-Wall -Wextra" />
		</Compiler>
		<Unit filename="../../../src/ADE_Error_Handler.c">
			<Option compilerVar="CC" />
		</Unit>
		<Unit filename="../../../src/ADE_blas_level2.c">
			<Option compilerVar="CC" />
		</Unit>
		<Unit filename="main.c">
			<Option compilerVar="CC" />
		</Unit>
		<Extensions>
			<code_completion />
			<debugger />
			<envvars set="ade" />
		</Extensions>
	</Project>
</CodeBlocks_project_file>
